
Microsoft Visual Studio Solution File, Format Version 12.00
# Visual Studio Version 17
VisualStudioVersion = 17.14.36511.14 d17.14
MinimumVisualStudioVersion = 10.0.40219.1
Project("{FAE04EC0-301F-11D3-BF4B-00C04F79EFBC}") = "Praktik6.3_Abimanyu_X_PPLG_2", "Praktik6.3_Abimanyu_X_PPLG_2\Praktik6.3_Abimanyu_X_PPLG_2.csproj", "{27B593D4-0BA0-478D-BD4C-8776B2C19720}"
EndProject
Global
	GlobalSection(SolutionConfigurationPlatforms) = preSolution
		Debug|Any CPU = Debug|Any CPU
		Release|Any CPU = Release|Any CPU
	EndGlobalSection
	GlobalSection(ProjectConfigurationPlatforms) = postSolution
		{27B593D4-0BA0-478D-BD4C-8776B2C19720}.Debug|Any CPU.ActiveCfg = Debug|Any CPU
		{27B593D4-0BA0-478D-BD4C-8776B2C19720}.Debug|Any CPU.Build.0 = Debug|Any CPU
		{27B593D4-0BA0-478D-BD4C-8776B2C19720}.Release|Any CPU.ActiveCfg = Release|Any CPU
		{27B593D4-0BA0-478D-BD4C-8776B2C19720}.Release|Any CPU.Build.0 = Release|Any CPU
	EndGlobalSection
	GlobalSection(SolutionProperties) = preSolution
		HideSolutionNode = FALSE
	EndGlobalSection
	GlobalSection(ExtensibilityGlobals) = postSolution
		SolutionGuid = {AFF56E07-B346-4C2C-9407-A7CA57BDF244}
	EndGlobalSection
EndGlobal
