
Microsoft Visual Studio Solution File, Format Version 12.00
# Visual Studio Version 17
VisualStudioVersion = 17.14.36511.14 d17.14
MinimumVisualStudioVersion = 10.0.40219.1
Project("{FAE04EC0-301F-11D3-BF4B-00C04F79EFBC}") = "Praktik 2.4_Abimanyu_X_PPLG_2", "Praktik 2.4_Abimanyu_X_PPLG_2\Praktik 2.4_Abimanyu_X_PPLG_2.csproj", "{A8BCFE82-5102-4D0D-A7F3-CD68681EEAEA}"
EndProject
Global
	GlobalSection(SolutionConfigurationPlatforms) = preSolution
		Debug|Any CPU = Debug|Any CPU
		Release|Any CPU = Release|Any CPU
	EndGlobalSection
	GlobalSection(ProjectConfigurationPlatforms) = postSolution
		{A8BCFE82-5102-4D0D-A7F3-CD68681EEAEA}.Debug|Any CPU.ActiveCfg = Debug|Any CPU
		{A8BCFE82-5102-4D0D-A7F3-CD68681EEAEA}.Debug|Any CPU.Build.0 = Debug|Any CPU
		{A8BCFE82-5102-4D0D-A7F3-CD68681EEAEA}.Release|Any CPU.ActiveCfg = Release|Any CPU
		{A8BCFE82-5102-4D0D-A7F3-CD68681EEAEA}.Release|Any CPU.Build.0 = Release|Any CPU
	EndGlobalSection
	GlobalSection(SolutionProperties) = preSolution
		HideSolutionNode = FALSE
	EndGlobalSection
	GlobalSection(ExtensibilityGlobals) = postSolution
		SolutionGuid = {38561B4D-66CC-4E9B-9225-E3DE283540D1}
	EndGlobalSection
EndGlobal
